# This file is automatically @generated by Cargo.
# It is not intended for manual editing.
version = 4

[[package]]
name = "bitflags"
version = "2.9.0"
source = "registry+https://github.com/rust-lang/crates.io-index"
checksum = "5c8214115b7bf84099f1309324e63141d4c5d7cc26862f97a0a857dbefe165bd"

[[package]]
name = "djs"
version = "0.1.0"
dependencies = [
 "djs_parser",
 "djs_syntax",
]

[[package]]
name = "djs_ast"
version = "0.1.0"
dependencies = [
 "djs_syntax",
]

[[package]]
name = "djs_parser"
version = "0.1.0"
dependencies = [
 "bitflags",
 "djs_ast",
 "djs_syntax",
 "glob",
]

[[package]]
name = "djs_syntax"
version = "0.1.0"

[[package]]
name = "djs_vm"
version = "0.1.0"

[[package]]
name = "glob"
version = "0.3.2"
source = "registry+https://github.com/rust-lang/crates.io-index"
checksum = "a8d1add55171497b4705a648c6b583acafb01d58050a51727785f0b2c8e0a2b2"
