# This file is automatically @generated by Cargo.
# It is not intended for manual editing.
version = 3

[[package]]
name = "djs"
version = "0.1.0"
dependencies = [
 "djs_parser",
 "djs_syntax",
]

[[package]]
name = "djs_ast"
version = "0.1.0"
dependencies = [
 "djs_syntax",
]

[[package]]
name = "djs_parser"
version = "0.1.0"
dependencies = [
 "djs_syntax",
]

[[package]]
name = "djs_syntax"
version = "0.1.0"
